// !$*UTF8*$!
{
	archiveVersion = 1;
	classes = {
	};
	objectVersion = 48;
	objects = {

/* Begin PBXBuildFile section */
		F92277792078C8EF002B0A40 /* AddressViewController.swift in Sources */ = {isa = PBXBuildFile; fileRef = F92277782078C8EE002B0A40 /* AddressViewController.swift */; };
		F922777B2078C8F1002B0A40 /* FavoritesViewController.swift in Sources */ = {isa = PBXBuildFile; fileRef = F922777A2078C8F1002B0A40 /* FavoritesViewController.swift */; };
		F922777D2078C8F2002B0A40 /* ExploreViewController.swift in Sources */ = {isa = PBXBuildFile; fileRef = F922777C2078C8F2002B0A40 /* ExploreViewController.swift */; };
		F92277822078C923002B0A40 /* Reachability.m in Sources */ = {isa = PBXBuildFile; fileRef = F92277812078C923002B0A40 /* Reachability.m */; };
		F92277882078E707002B0A40 /* NearbyRestaurantCell.swift in Sources */ = {isa = PBXBuildFile; fileRef = F92277872078E707002B0A40 /* NearbyRestaurantCell.swift */; };
		F922778A2078EA48002B0A40 /* NetworkManager.swift in Sources */ = {isa = PBXBuildFile; fileRef = F92277892078EA48002B0A40 /* NetworkManager.swift */; };
		F922778C2078EA96002B0A40 /* DoorDashError.swift in Sources */ = {isa = PBXBuildFile; fileRef = F922778B2078EA96002B0A40 /* DoorDashError.swift */; };
		F9AB7C572079BCEC005E435B /* Restaurant.swift in Sources */ = {isa = PBXBuildFile; fileRef = F9AB7C562079BCEC005E435B /* Restaurant.swift */; };
		F9AB7C592079BEE4005E435B /* Resource.swift in Sources */ = {isa = PBXBuildFile; fileRef = F9AB7C582079BEE4005E435B /* Resource.swift */; };
		F9AB7C5B2079D967005E435B /* RawServerResponse.swift in Sources */ = {isa = PBXBuildFile; fileRef = F9AB7C5A2079D967005E435B /* RawServerResponse.swift */; };
		F9AB7C5D2079DD1F005E435B /* ExploreViewModel.swift in Sources */ = {isa = PBXBuildFile; fileRef = F9AB7C5C2079DD1F005E435B /* ExploreViewModel.swift */; };
		F9AB7C60207A8C5C005E435B /* Cache.swift in Sources */ = {isa = PBXBuildFile; fileRef = F9AB7C5F207A8C5C005E435B /* Cache.swift */; };
		F9AB7C63207A9F26005E435B /* MBProgressHUD.m in Sources */ = {isa = PBXBuildFile; fileRef = F9AB7C62207A9F26005E435B /* MBProgressHUD.m */; };
		F9AB7C66207A9F7E005E435B /* UIViewController+HUD.swift in Sources */ = {isa = PBXBuildFile; fileRef = F9AB7C65207A9F7E005E435B /* UIViewController+HUD.swift */; };
		F9AB7C6C207AD077005E435B /* UITableViewCell+Reusable.swift in Sources */ = {isa = PBXBuildFile; fileRef = F9AB7C6B207AD077005E435B /* UITableViewCell+Reusable.swift */; };
		F9BB44C320788E970008EFF9 /* AppDelegate.swift in Sources */ = {isa = PBXBuildFile; fileRef = F9BB44C220788E970008EFF9 /* AppDelegate.swift */; };
		F9BB44C820788E970008EFF9 /* Main.storyboard in Resources */ = {isa = PBXBuildFile; fileRef = F9BB44C620788E970008EFF9 /* Main.storyboard */; };
		F9BB44CB20788E970008EFF9 /* DoorDashLite.xcdatamodeld in Sources */ = {isa = PBXBuildFile; fileRef = F9BB44C920788E970008EFF9 /* DoorDashLite.xcdatamodeld */; };
		F9BB44CD20788E970008EFF9 /* Assets.xcassets in Resources */ = {isa = PBXBuildFile; fileRef = F9BB44CC20788E970008EFF9 /* Assets.xcassets */; };
		F9BB44D020788E970008EFF9 /* LaunchScreen.storyboard in Resources */ = {isa = PBXBuildFile; fileRef = F9BB44CE20788E970008EFF9 /* LaunchScreen.storyboard */; };
		F9BB44DB20788E970008EFF9 /* DoorDashLiteTests.swift in Sources */ = {isa = PBXBuildFile; fileRef = F9BB44DA20788E970008EFF9 /* DoorDashLiteTests.swift */; };
		F9BB44E620788E970008EFF9 /* DoorDashLiteUITests.swift in Sources */ = {isa = PBXBuildFile; fileRef = F9BB44E520788E970008EFF9 /* DoorDashLiteUITests.swift */; };
		F9BB44F520788EF00008EFF9 /* MapKit.framework in Frameworks */ = {isa = PBXBuildFile; fileRef = F9BB44F420788EF00008EFF9 /* MapKit.framework */; };
/* End PBXBuildFile section */

/* Begin PBXContainerItemProxy section */
		F9BB44D720788E970008EFF9 /* PBXContainerItemProxy */ = {
			isa = PBXContainerItemProxy;
			containerPortal = F9BB44B720788E970008EFF9 /* Project object */;
			proxyType = 1;
			remoteGlobalIDString = F9BB44BE20788E970008EFF9;
			remoteInfo = DoorDashLite;
		};
		F9BB44E220788E970008EFF9 /* PBXContainerItemProxy */ = {
			isa = PBXContainerItemProxy;
			containerPortal = F9BB44B720788E970008EFF9 /* Project object */;
			proxyType = 1;
			remoteGlobalIDString = F9BB44BE20788E970008EFF9;
			remoteInfo = DoorDashLite;
		};
/* End PBXContainerItemProxy section */

/* Begin PBXFileReference section */
		F92277782078C8EE002B0A40 /* AddressViewController.swift */ = {isa = PBXFileReference; lastKnownFileType = sourcecode.swift; path = AddressViewController.swift; sourceTree = "<group>"; };
		F922777A2078C8F1002B0A40 /* FavoritesViewController.swift */ = {isa = PBXFileReference; lastKnownFileType = sourcecode.swift; path = FavoritesViewController.swift; sourceTree = "<group>"; };
		F922777C2078C8F2002B0A40 /* ExploreViewController.swift */ = {isa = PBXFileReference; lastKnownFileType = sourcecode.swift; path = ExploreViewController.swift; sourceTree = "<group>"; };
		F92277802078C920002B0A40 /* DoorDashLite-Bridging-Header.h */ = {isa = PBXFileReference; lastKnownFileType = sourcecode.c.h; path = "DoorDashLite-Bridging-Header.h"; sourceTree = "<group>"; };
		F92277812078C923002B0A40 /* Reachability.m */ = {isa = PBXFileReference; lastKnownFileType = sourcecode.c.objc; path = Reachability.m; sourceTree = "<group>"; };
		F92277832078C925002B0A40 /* Reachability.h */ = {isa = PBXFileReference; lastKnownFileType = sourcecode.c.h; path = Reachability.h; sourceTree = "<group>"; };
		F92277872078E707002B0A40 /* NearbyRestaurantCell.swift */ = {isa = PBXFileReference; lastKnownFileType = sourcecode.swift; path = NearbyRestaurantCell.swift; sourceTree = "<group>"; };
		F92277892078EA48002B0A40 /* NetworkManager.swift */ = {isa = PBXFileReference; lastKnownFileType = sourcecode.swift; path = NetworkManager.swift; sourceTree = "<group>"; };
		F922778B2078EA96002B0A40 /* DoorDashError.swift */ = {isa = PBXFileReference; lastKnownFileType = sourcecode.swift; path = DoorDashError.swift; sourceTree = "<group>"; };
		F9AB7C562079BCEC005E435B /* Restaurant.swift */ = {isa = PBXFileReference; lastKnownFileType = sourcecode.swift; path = Restaurant.swift; sourceTree = "<group>"; };
		F9AB7C582079BEE4005E435B /* Resource.swift */ = {isa = PBXFileReference; lastKnownFileType = sourcecode.swift; path = Resource.swift; sourceTree = "<group>"; };
		F9AB7C5A2079D967005E435B /* RawServerResponse.swift */ = {isa = PBXFileReference; lastKnownFileType = sourcecode.swift; path = RawServerResponse.swift; sourceTree = "<group>"; };
		F9AB7C5C2079DD1F005E435B /* ExploreViewModel.swift */ = {isa = PBXFileReference; lastKnownFileType = sourcecode.swift; path = ExploreViewModel.swift; sourceTree = "<group>"; };
		F9AB7C5F207A8C5C005E435B /* Cache.swift */ = {isa = PBXFileReference; lastKnownFileType = sourcecode.swift; path = Cache.swift; sourceTree = "<group>"; };
		F9AB7C61207A9F26005E435B /* MBProgressHUD.h */ = {isa = PBXFileReference; fileEncoding = 4; lastKnownFileType = sourcecode.c.h; path = MBProgressHUD.h; sourceTree = "<group>"; };
		F9AB7C62207A9F26005E435B /* MBProgressHUD.m */ = {isa = PBXFileReference; fileEncoding = 4; lastKnownFileType = sourcecode.c.objc; path = MBProgressHUD.m; sourceTree = "<group>"; };
		F9AB7C65207A9F7E005E435B /* UIViewController+HUD.swift */ = {isa = PBXFileReference; lastKnownFileType = sourcecode.swift; path = "UIViewController+HUD.swift"; sourceTree = "<group>"; };
		F9AB7C6B207AD077005E435B /* UITableViewCell+Reusable.swift */ = {isa = PBXFileReference; lastKnownFileType = sourcecode.swift; path = "UITableViewCell+Reusable.swift"; sourceTree = "<group>"; };
		F9BB44BF20788E970008EFF9 /* DoorDashLite.app */ = {isa = PBXFileReference; explicitFileType = wrapper.application; includeInIndex = 0; path = DoorDashLite.app; sourceTree = BUILT_PRODUCTS_DIR; };
		F9BB44C220788E970008EFF9 /* AppDelegate.swift */ = {isa = PBXFileReference; lastKnownFileType = sourcecode.swift; path = AppDelegate.swift; sourceTree = "<group>"; };
		F9BB44C720788E970008EFF9 /* Base */ = {isa = PBXFileReference; lastKnownFileType = file.storyboard; name = Base; path = Base.lproj/Main.storyboard; sourceTree = "<group>"; };
		F9BB44CA20788E970008EFF9 /* DoorDashLite.xcdatamodel */ = {isa = PBXFileReference; lastKnownFileType = wrapper.xcdatamodel; path = DoorDashLite.xcdatamodel; sourceTree = "<group>"; };
		F9BB44CC20788E970008EFF9 /* Assets.xcassets */ = {isa = PBXFileReference; lastKnownFileType = folder.assetcatalog; path = Assets.xcassets; sourceTree = "<group>"; };
		F9BB44CF20788E970008EFF9 /* Base */ = {isa = PBXFileReference; lastKnownFileType = file.storyboard; name = Base; path = Base.lproj/LaunchScreen.storyboard; sourceTree = "<group>"; };
		F9BB44D120788E970008EFF9 /* Info.plist */ = {isa = PBXFileReference; lastKnownFileType = text.plist.xml; path = Info.plist; sourceTree = "<group>"; };
		F9BB44D620788E970008EFF9 /* DoorDashLiteTests.xctest */ = {isa = PBXFileReference; explicitFileType = wrapper.cfbundle; includeInIndex = 0; path = DoorDashLiteTests.xctest; sourceTree = BUILT_PRODUCTS_DIR; };
		F9BB44DA20788E970008EFF9 /* DoorDashLiteTests.swift */ = {isa = PBXFileReference; lastKnownFileType = sourcecode.swift; path = DoorDashLiteTests.swift; sourceTree = "<group>"; };
		F9BB44DC20788E970008EFF9 /* Info.plist */ = {isa = PBXFileReference; lastKnownFileType = text.plist.xml; path = Info.plist; sourceTree = "<group>"; };
		F9BB44E120788E970008EFF9 /* DoorDashLiteUITests.xctest */ = {isa = PBXFileReference; explicitFileType = wrapper.cfbundle; includeInIndex = 0; path = DoorDashLiteUITests.xctest; sourceTree = BUILT_PRODUCTS_DIR; };
		F9BB44E520788E970008EFF9 /* DoorDashLiteUITests.swift */ = {isa = PBXFileReference; lastKnownFileType = sourcecode.swift; path = DoorDashLiteUITests.swift; sourceTree = "<group>"; };
		F9BB44E720788E970008EFF9 /* Info.plist */ = {isa = PBXFileReference; lastKnownFileType = text.plist.xml; path = Info.plist; sourceTree = "<group>"; };
		F9BB44F420788EF00008EFF9 /* MapKit.framework */ = {isa = PBXFileReference; lastKnownFileType = wrapper.framework; name = MapKit.framework; path = System/Library/Frameworks/MapKit.framework; sourceTree = SDKROOT; };
/* End PBXFileReference section */

/* Begin PBXFrameworksBuildPhase section */
		F9BB44BC20788E970008EFF9 /* Frameworks */ = {
			isa = PBXFrameworksBuildPhase;
			buildActionMask = 2147483647;
			files = (
				F9BB44F520788EF00008EFF9 /* MapKit.framework in Frameworks */,
			);
			runOnlyForDeploymentPostprocessing = 0;
		};
		F9BB44D320788E970008EFF9 /* Frameworks */ = {
			isa = PBXFrameworksBuildPhase;
			buildActionMask = 2147483647;
			files = (
			);
			runOnlyForDeploymentPostprocessing = 0;
		};
		F9BB44DE20788E970008EFF9 /* Frameworks */ = {
			isa = PBXFrameworksBuildPhase;
			buildActionMask = 2147483647;
			files = (
			);
			runOnlyForDeploymentPostprocessing = 0;
		};
/* End PBXFrameworksBuildPhase section */

/* Begin PBXGroup section */
		F92277772078C8E5002B0A40 /* View */ = {
			isa = PBXGroup;
			children = (
				F92277872078E707002B0A40 /* NearbyRestaurantCell.swift */,
			);
			path = View;
			sourceTree = "<group>";
		};
		F922777F2078C914002B0A40 /* Network */ = {
			isa = PBXGroup;
			children = (
				F92277892078EA48002B0A40 /* NetworkManager.swift */,
				F922778B2078EA96002B0A40 /* DoorDashError.swift */,
				F9AB7C582079BEE4005E435B /* Resource.swift */,
			);
			path = Network;
			sourceTree = "<group>";
		};
		F92277842078C92D002B0A40 /* SupportingFiles */ = {
			isa = PBXGroup;
			children = (
				F9AB7C61207A9F26005E435B /* MBProgressHUD.h */,
				F9AB7C62207A9F26005E435B /* MBProgressHUD.m */,
				F92277832078C925002B0A40 /* Reachability.h */,
				F92277812078C923002B0A40 /* Reachability.m */,
				F92277802078C920002B0A40 /* DoorDashLite-Bridging-Header.h */,
			);
			path = SupportingFiles;
			sourceTree = "<group>";
		};
		F92277852078C96F002B0A40 /* Model */ = {
			isa = PBXGroup;
			children = (
				F9AB7C562079BCEC005E435B /* Restaurant.swift */,
				F9AB7C5A2079D967005E435B /* RawServerResponse.swift */,
			);
			path = Model;
			sourceTree = "<group>";
		};
		F92277862078C98C002B0A40 /* Controller */ = {
			isa = PBXGroup;
			children = (
				F92277782078C8EE002B0A40 /* AddressViewController.swift */,
				F922777C2078C8F2002B0A40 /* ExploreViewController.swift */,
				F922777A2078C8F1002B0A40 /* FavoritesViewController.swift */,
			);
			path = Controller;
			sourceTree = "<group>";
		};
		F922778D2078EAB6002B0A40 /* ViewModel */ = {
			isa = PBXGroup;
			children = (
				F9AB7C5C2079DD1F005E435B /* ExploreViewModel.swift */,
			);
			path = ViewModel;
			sourceTree = "<group>";
		};
		F9AB7C5E207A8C45005E435B /* Miscellaneous */ = {
			isa = PBXGroup;
			children = (
				F9AB7C5F207A8C5C005E435B /* Cache.swift */,
			);
			path = Miscellaneous;
			sourceTree = "<group>";
		};
		F9AB7C64207A9F56005E435B /* Extensions */ = {
			isa = PBXGroup;
			children = (
				F9AB7C65207A9F7E005E435B /* UIViewController+HUD.swift */,
				F9AB7C6B207AD077005E435B /* UITableViewCell+Reusable.swift */,
			);
			path = Extensions;
			sourceTree = "<group>";
		};
		F9BB44B620788E970008EFF9 = {
			isa = PBXGroup;
			children = (
				F9BB44C120788E970008EFF9 /* DoorDashLite */,
				F9BB44D920788E970008EFF9 /* DoorDashLiteTests */,
				F9BB44E420788E970008EFF9 /* DoorDashLiteUITests */,
				F9BB44C020788E970008EFF9 /* Products */,
				F9BB44F320788EF00008EFF9 /* Frameworks */,
			);
			sourceTree = "<group>";
		};
		F9BB44C020788E970008EFF9 /* Products */ = {
			isa = PBXGroup;
			children = (
				F9BB44BF20788E970008EFF9 /* DoorDashLite.app */,
				F9BB44D620788E970008EFF9 /* DoorDashLiteTests.xctest */,
				F9BB44E120788E970008EFF9 /* DoorDashLiteUITests.xctest */,
			);
			name = Products;
			sourceTree = "<group>";
		};
		F9BB44C120788E970008EFF9 /* DoorDashLite */ = {
			isa = PBXGroup;
			children = (
				F9BB44CE20788E970008EFF9 /* LaunchScreen.storyboard */,
				F9BB44C620788E970008EFF9 /* Main.storyboard */,
				F9BB44C920788E970008EFF9 /* DoorDashLite.xcdatamodeld */,
				F9BB44D120788E970008EFF9 /* Info.plist */,
				F9BB44C220788E970008EFF9 /* AppDelegate.swift */,
				F92277852078C96F002B0A40 /* Model */,
				F92277772078C8E5002B0A40 /* View */,
				F92277862078C98C002B0A40 /* Controller */,
				F922778D2078EAB6002B0A40 /* ViewModel */,
				F922777F2078C914002B0A40 /* Network */,
				F9AB7C5E207A8C45005E435B /* Miscellaneous */,
				F9AB7C64207A9F56005E435B /* Extensions */,
				F92277842078C92D002B0A40 /* SupportingFiles */,
				F9BB44CC20788E970008EFF9 /* Assets.xcassets */,
			);
			path = DoorDashLite;
			sourceTree = "<group>";
		};
		F9BB44D920788E970008EFF9 /* DoorDashLiteTests */ = {
			isa = PBXGroup;
			children = (
				F9BB44DA20788E970008EFF9 /* DoorDashLiteTests.swift */,
				F9BB44DC20788E970008EFF9 /* Info.plist */,
			);
			path = DoorDashLiteTests;
			sourceTree = "<group>";
		};
		F9BB44E420788E970008EFF9 /* DoorDashLiteUITests */ = {
			isa = PBXGroup;
			children = (
				F9BB44E520788E970008EFF9 /* DoorDashLiteUITests.swift */,
				F9BB44E720788E970008EFF9 /* Info.plist */,
			);
			path = DoorDashLiteUITests;
			sourceTree = "<group>";
		};
		F9BB44F320788EF00008EFF9 /* Frameworks */ = {
			isa = PBXGroup;
			children = (
				F9BB44F420788EF00008EFF9 /* MapKit.framework */,
			);
			name = Frameworks;
			sourceTree = "<group>";
		};
/* End PBXGroup section */

/* Begin PBXNativeTarget section */
		F9BB44BE20788E970008EFF9 /* DoorDashLite */ = {
			isa = PBXNativeTarget;
			buildConfigurationList = F9BB44EA20788E970008EFF9 /* Build configuration list for PBXNativeTarget "DoorDashLite" */;
			buildPhases = (
				F9BB44BB20788E970008EFF9 /* Sources */,
				F9BB44BC20788E970008EFF9 /* Frameworks */,
				F9BB44BD20788E970008EFF9 /* Resources */,
			);
			buildRules = (
			);
			dependencies = (
			);
			name = DoorDashLite;
			productName = DoorDashLite;
			productReference = F9BB44BF20788E970008EFF9 /* DoorDashLite.app */;
			productType = "com.apple.product-type.application";
		};
		F9BB44D520788E970008EFF9 /* DoorDashLiteTests */ = {
			isa = PBXNativeTarget;
			buildConfigurationList = F9BB44ED20788E970008EFF9 /* Build configuration list for PBXNativeTarget "DoorDashLiteTests" */;
			buildPhases = (
				F9BB44D220788E970008EFF9 /* Sources */,
				F9BB44D320788E970008EFF9 /* Frameworks */,
				F9BB44D420788E970008EFF9 /* Resources */,
			);
			buildRules = (
			);
			dependencies = (
				F9BB44D820788E970008EFF9 /* PBXTargetDependency */,
			);
			name = DoorDashLiteTests;
			productName = DoorDashLiteTests;
			productReference = F9BB44D620788E970008EFF9 /* DoorDashLiteTests.xctest */;
			productType = "com.apple.product-type.bundle.unit-test";
		};
		F9BB44E020788E970008EFF9 /* DoorDashLiteUITests */ = {
			isa = PBXNativeTarget;
			buildConfigurationList = F9BB44F020788E970008EFF9 /* Build configuration list for PBXNativeTarget "DoorDashLiteUITests" */;
			buildPhases = (
				F9BB44DD20788E970008EFF9 /* Sources */,
				F9BB44DE20788E970008EFF9 /* Frameworks */,
				F9BB44DF20788E970008EFF9 /* Resources */,
			);
			buildRules = (
			);
			dependencies = (
				F9BB44E320788E970008EFF9 /* PBXTargetDependency */,
			);
			name = DoorDashLiteUITests;
			productName = DoorDashLiteUITests;
			productReference = F9BB44E120788E970008EFF9 /* DoorDashLiteUITests.xctest */;
			productType = "com.apple.product-type.bundle.ui-testing";
		};
/* End PBXNativeTarget section */

/* Begin PBXProject section */
		F9BB44B720788E970008EFF9 /* Project object */ = {
			isa = PBXProject;
			attributes = {
				LastSwiftUpdateCheck = 0920;
				LastUpgradeCheck = 0920;
				ORGANIZATIONNAME = "Vikramjeet Singh";
				TargetAttributes = {
					F9BB44BE20788E970008EFF9 = {
						CreatedOnToolsVersion = 9.2;
						ProvisioningStyle = Automatic;
						SystemCapabilities = {
							com.apple.Maps.iOS = {
								enabled = 1;
							};
						};
					};
					F9BB44D520788E970008EFF9 = {
						CreatedOnToolsVersion = 9.2;
						ProvisioningStyle = Automatic;
						TestTargetID = F9BB44BE20788E970008EFF9;
					};
					F9BB44E020788E970008EFF9 = {
						CreatedOnToolsVersion = 9.2;
						ProvisioningStyle = Automatic;
						TestTargetID = F9BB44BE20788E970008EFF9;
					};
				};
			};
			buildConfigurationList = F9BB44BA20788E970008EFF9 /* Build configuration list for PBXProject "DoorDashLite" */;
			compatibilityVersion = "Xcode 8.0";
			developmentRegion = en;
			hasScannedForEncodings = 0;
			knownRegions = (
				en,
				Base,
			);
			mainGroup = F9BB44B620788E970008EFF9;
			productRefGroup = F9BB44C020788E970008EFF9 /* Products */;
			projectDirPath = "";
			projectRoot = "";
			targets = (
				F9BB44BE20788E970008EFF9 /* DoorDashLite */,
				F9BB44D520788E970008EFF9 /* DoorDashLiteTests */,
				F9BB44E020788E970008EFF9 /* DoorDashLiteUITests */,
			);
		};
/* End PBXProject section */

/* Begin PBXResourcesBuildPhase section */
		F9BB44BD20788E970008EFF9 /* Resources */ = {
			isa = PBXResourcesBuildPhase;
			buildActionMask = 2147483647;
			files = (
				F9BB44D020788E970008EFF9 /* LaunchScreen.storyboard in Resources */,
				F9BB44CD20788E970008EFF9 /* Assets.xcassets in Resources */,
				F9BB44C820788E970008EFF9 /* Main.storyboard in Resources */,
			);
			runOnlyForDeploymentPostprocessing = 0;
		};
		F9BB44D420788E970008EFF9 /* Resources */ = {
			isa = PBXResourcesBuildPhase;
			buildActionMask = 2147483647;
			files = (
			);
			runOnlyForDeploymentPostprocessing = 0;
		};
		F9BB44DF20788E970008EFF9 /* Resources */ = {
			isa = PBXResourcesBuildPhase;
			buildActionMask = 2147483647;
			files = (
			);
			runOnlyForDeploymentPostprocessing = 0;
		};
/* End PBXResourcesBuildPhase section */

/* Begin PBXSourcesBuildPhase section */
		F9BB44BB20788E970008EFF9 /* Sources */ = {
			isa = PBXSourcesBuildPhase;
			buildActionMask = 2147483647;
			files = (
				F9AB7C6C207AD077005E435B /* UITableViewCell+Reusable.swift in Sources */,
				F9AB7C572079BCEC005E435B /* Restaurant.swift in Sources */,
				F92277792078C8EF002B0A40 /* AddressViewController.swift in Sources */,
				F9AB7C5B2079D967005E435B /* RawServerResponse.swift in Sources */,
				F9BB44CB20788E970008EFF9 /* DoorDashLite.xcdatamodeld in Sources */,
				F9AB7C592079BEE4005E435B /* Resource.swift in Sources */,
				F92277882078E707002B0A40 /* NearbyRestaurantCell.swift in Sources */,
				F922777D2078C8F2002B0A40 /* ExploreViewController.swift in Sources */,
				F9AB7C63207A9F26005E435B /* MBProgressHUD.m in Sources */,
				F922778A2078EA48002B0A40 /* NetworkManager.swift in Sources */,
				F9AB7C5D2079DD1F005E435B /* ExploreViewModel.swift in Sources */,
				F922777B2078C8F1002B0A40 /* FavoritesViewController.swift in Sources */,
				F92277822078C923002B0A40 /* Reachability.m in Sources */,
				F922778C2078EA96002B0A40 /* DoorDashError.swift in Sources */,
				F9AB7C60207A8C5C005E435B /* Cache.swift in Sources */,
				F9AB7C66207A9F7E005E435B /* UIViewController+HUD.swift in Sources */,
				F9BB44C320788E970008EFF9 /* AppDelegate.swift in Sources */,
			);
			runOnlyForDeploymentPostprocessing = 0;
		};
		F9BB44D220788E970008EFF9 /* Sources */ = {
			isa = PBXSourcesBuildPhase;
			buildActionMask = 2147483647;
			files = (
				F9BB44DB20788E970008EFF9 /* DoorDashLiteTests.swift in Sources */,
			);
			runOnlyForDeploymentPostprocessing = 0;
		};
		F9BB44DD20788E970008EFF9 /* Sources */ = {
			isa = PBXSourcesBuildPhase;
			buildActionMask = 2147483647;
			files = (
				F9BB44E620788E970008EFF9 /* DoorDashLiteUITests.swift in Sources */,
			);
			runOnlyForDeploymentPostprocessing = 0;
		};
/* End PBXSourcesBuildPhase section */

/* Begin PBXTargetDependency section */
		F9BB44D820788E970008EFF9 /* PBXTargetDependency */ = {
			isa = PBXTargetDependency;
			target = F9BB44BE20788E970008EFF9 /* DoorDashLite */;
			targetProxy = F9BB44D720788E970008EFF9 /* PBXContainerItemProxy */;
		};
		F9BB44E320788E970008EFF9 /* PBXTargetDependency */ = {
			isa = PBXTargetDependency;
			target = F9BB44BE20788E970008EFF9 /* DoorDashLite */;
			targetProxy = F9BB44E220788E970008EFF9 /* PBXContainerItemProxy */;
		};
/* End PBXTargetDependency section */

/* Begin PBXVariantGroup section */
		F9BB44C620788E970008EFF9 /* Main.storyboard */ = {
			isa = PBXVariantGroup;
			children = (
				F9BB44C720788E970008EFF9 /* Base */,
			);
			name = Main.storyboard;
			sourceTree = "<group>";
		};
		F9BB44CE20788E970008EFF9 /* LaunchScreen.storyboard */ = {
			isa = PBXVariantGroup;
			children = (
				F9BB44CF20788E970008EFF9 /* Base */,
			);
			name = LaunchScreen.storyboard;
			sourceTree = "<group>";
		};
/* End PBXVariantGroup section */

/* Begin XCBuildConfiguration section */
		F9BB44E820788E970008EFF9 /* Debug */ = {
			isa = XCBuildConfiguration;
			buildSettings = {
				ALWAYS_SEARCH_USER_PATHS = NO;
				CLANG_ANALYZER_NONNULL = YES;
				CLANG_ANALYZER_NUMBER_OBJECT_CONVERSION = YES_AGGRESSIVE;
				CLANG_CXX_LANGUAGE_STANDARD = "gnu++14";
				CLANG_CXX_LIBRARY = "libc++";
				CLANG_ENABLE_MODULES = YES;
				CLANG_ENABLE_OBJC_ARC = YES;
				CLANG_WARN_BLOCK_CAPTURE_AUTORELEASING = YES;
				CLANG_WARN_BOOL_CONVERSION = YES;
				CLANG_WARN_COMMA = YES;
				CLANG_WARN_CONSTANT_CONVERSION = YES;
				CLANG_WARN_DIRECT_OBJC_ISA_USAGE = YES_ERROR;
				CLANG_WARN_DOCUMENTATION_COMMENTS = YES;
				CLANG_WARN_EMPTY_BODY = YES;
				CLANG_WARN_ENUM_CONVERSION = YES;
				CLANG_WARN_INFINITE_RECURSION = YES;
				CLANG_WARN_INT_CONVERSION = YES;
				CLANG_WARN_NON_LITERAL_NULL_CONVERSION = YES;
				CLANG_WARN_OBJC_LITERAL_CONVERSION = YES;
				CLANG_WARN_OBJC_ROOT_CLASS = YES_ERROR;
				CLANG_WARN_RANGE_LOOP_ANALYSIS = YES;
				CLANG_WARN_STRICT_PROTOTYPES = YES;
				CLANG_WARN_SUSPICIOUS_MOVE = YES;
				CLANG_WARN_UNGUARDED_AVAILABILITY = YES_AGGRESSIVE;
				CLANG_WARN_UNREACHABLE_CODE = YES;
				CLANG_WARN__DUPLICATE_METHOD_MATCH = YES;
				CODE_SIGN_IDENTITY = "iPhone Developer";
				COPY_PHASE_STRIP = NO;
				DEBUG_INFORMATION_FORMAT = dwarf;
				ENABLE_STRICT_OBJC_MSGSEND = YES;
				ENABLE_TESTABILITY = YES;
				GCC_C_LANGUAGE_STANDARD = gnu11;
				GCC_DYNAMIC_NO_PIC = NO;
				GCC_NO_COMMON_BLOCKS = YES;
				GCC_OPTIMIZATION_LEVEL = 0;
				GCC_PREPROCESSOR_DEFINITIONS = (
					"DEBUG=1",
					"$(inherited)",
				);
				GCC_WARN_64_TO_32_BIT_CONVERSION = YES;
				GCC_WARN_ABOUT_RETURN_TYPE = YES_ERROR;
				GCC_WARN_UNDECLARED_SELECTOR = YES;
				GCC_WARN_UNINITIALIZED_AUTOS = YES_AGGRESSIVE;
				GCC_WARN_UNUSED_FUNCTION = YES;
				GCC_WARN_UNUSED_VARIABLE = YES;
				IPHONEOS_DEPLOYMENT_TARGET = 11.2;
				MTL_ENABLE_DEBUG_INFO = YES;
				ONLY_ACTIVE_ARCH = YES;
				SDKROOT = iphoneos;
				SWIFT_ACTIVE_COMPILATION_CONDITIONS = DEBUG;
				SWIFT_OPTIMIZATION_LEVEL = "-Onone";
			};
			name = Debug;
		};
		F9BB44E920788E970008EFF9 /* Release */ = {
			isa = XCBuildConfiguration;
			buildSettings = {
				ALWAYS_SEARCH_USER_PATHS = NO;
				CLANG_ANALYZER_NONNULL = YES;
				CLANG_ANALYZER_NUMBER_OBJECT_CONVERSION = YES_AGGRESSIVE;
				CLANG_CXX_LANGUAGE_STANDARD = "gnu++14";
				CLANG_CXX_LIBRARY = "libc++";
				CLANG_ENABLE_MODULES = YES;
				CLANG_ENABLE_OBJC_ARC = YES;
				CLANG_WARN_BLOCK_CAPTURE_AUTORELEASING = YES;
				CLANG_WARN_BOOL_CONVERSION = YES;
				CLANG_WARN_COMMA = YES;
				CLANG_WARN_CONSTANT_CONVERSION = YES;
				CLANG_WARN_DIRECT_OBJC_ISA_USAGE = YES_ERROR;
				CLANG_WARN_DOCUMENTATION_COMMENTS = YES;
				CLANG_WARN_EMPTY_BODY = YES;
				CLANG_WARN_ENUM_CONVERSION = YES;
				CLANG_WARN_INFINITE_RECURSION = YES;
				CLANG_WARN_INT_CONVERSION = YES;
				CLANG_WARN_NON_LITERAL_NULL_CONVERSION = YES;
				CLANG_WARN_OBJC_LITERAL_CONVERSION = YES;
				CLANG_WARN_OBJC_ROOT_CLASS = YES_ERROR;
				CLANG_WARN_RANGE_LOOP_ANALYSIS = YES;
				CLANG_WARN_STRICT_PROTOTYPES = YES;
				CLANG_WARN_SUSPICIOUS_MOVE = YES;
				CLANG_WARN_UNGUARDED_AVAILABILITY = YES_AGGRESSIVE;
				CLANG_WARN_UNREACHABLE_CODE = YES;
				CLANG_WARN__DUPLICATE_METHOD_MATCH = YES;
				CODE_SIGN_IDENTITY = "iPhone Developer";
				COPY_PHASE_STRIP = NO;
				DEBUG_INFORMATION_FORMAT = "dwarf-with-dsym";
				ENABLE_NS_ASSERTIONS = NO;
				ENABLE_STRICT_OBJC_MSGSEND = YES;
				GCC_C_LANGUAGE_STANDARD = gnu11;
				GCC_NO_COMMON_BLOCKS = YES;
				GCC_WARN_64_TO_32_BIT_CONVERSION = YES;
				GCC_WARN_ABOUT_RETURN_TYPE = YES_ERROR;
				GCC_WARN_UNDECLARED_SELECTOR = YES;
				GCC_WARN_UNINITIALIZED_AUTOS = YES_AGGRESSIVE;
				GCC_WARN_UNUSED_FUNCTION = YES;
				GCC_WARN_UNUSED_VARIABLE = YES;
				IPHONEOS_DEPLOYMENT_TARGET = 11.2;
				MTL_ENABLE_DEBUG_INFO = NO;
				SDKROOT = iphoneos;
				SWIFT_OPTIMIZATION_LEVEL = "-Owholemodule";
				VALIDATE_PRODUCT = YES;
			};
			name = Release;
		};
		F9BB44EB20788E970008EFF9 /* Debug */ = {
			isa = XCBuildConfiguration;
			buildSettings = {
				ASSETCATALOG_COMPILER_APPICON_NAME = AppIcon;
				CODE_SIGN_STYLE = Automatic;
				DEVELOPMENT_TEAM = ZTHC4SLMFS;
				INFOPLIST_FILE = DoorDashLite/Info.plist;
				IPHONEOS_DEPLOYMENT_TARGET = 11.0;
				LD_RUNPATH_SEARCH_PATHS = "$(inherited) @executable_path/Frameworks";
				PRODUCT_BUNDLE_IDENTIFIER = com.Vik.test.DoorDashLite;
				PRODUCT_NAME = "$(TARGET_NAME)";
				SWIFT_OBJC_BRIDGING_HEADER = "DoorDashLite/SupportingFiles/DoorDashLite-Bridging-Header.h";
				SWIFT_VERSION = 4.0;
				TARGETED_DEVICE_FAMILY = "1,2";
			};
			name = Debug;
		};
		F9BB44EC20788E970008EFF9 /* Release */ = {
			isa = XCBuildConfiguration;
			buildSettings = {
				ASSETCATALOG_COMPILER_APPICON_NAME = AppIcon;
				CODE_SIGN_STYLE = Automatic;
				DEVELOPMENT_TEAM = ZTHC4SLMFS;
				INFOPLIST_FILE = DoorDashLite/Info.plist;
				IPHONEOS_DEPLOYMENT_TARGET = 11.0;
				LD_RUNPATH_SEARCH_PATHS = "$(inherited) @executable_path/Frameworks";
				PRODUCT_BUNDLE_IDENTIFIER = com.Vik.test.DoorDashLite;
				PRODUCT_NAME = "$(TARGET_NAME)";
				SWIFT_OBJC_BRIDGING_HEADER = "DoorDashLite/SupportingFiles/DoorDashLite-Bridging-Header.h";
				SWIFT_VERSION = 4.0;
				TARGETED_DEVICE_FAMILY = "1,2";
			};
			name = Release;
		};
		F9BB44EE20788E970008EFF9 /* Debug */ = {
			isa = XCBuildConfiguration;
			buildSettings = {
				ALWAYS_EMBED_SWIFT_STANDARD_LIBRARIES = YES;
				BUNDLE_LOADER = "$(TEST_HOST)";
				CODE_SIGN_STYLE = Automatic;
				DEVELOPMENT_TEAM = ZTHC4SLMFS;
				INFOPLIST_FILE = DoorDashLiteTests/Info.plist;
				LD_RUNPATH_SEARCH_PATHS = "$(inherited) @executable_path/Frameworks @loader_path/Frameworks";
				PRODUCT_BUNDLE_IDENTIFIER = com.Vik.test.DoorDashLiteTests;
				PRODUCT_NAME = "$(TARGET_NAME)";
				SWIFT_VERSION = 4.0;
				TARGETED_DEVICE_FAMILY = "1,2";
				TEST_HOST = "$(BUILT_PRODUCTS_DIR)/DoorDashLite.app/DoorDashLite";
			};
			name = Debug;
		};
		F9BB44EF20788E970008EFF9 /* Release */ = {
			isa = XCBuildConfiguration;
			buildSettings = {
				ALWAYS_EMBED_SWIFT_STANDARD_LIBRARIES = YES;
				BUNDLE_LOADER = "$(TEST_HOST)";
				CODE_SIGN_STYLE = Automatic;
				DEVELOPMENT_TEAM = ZTHC4SLMFS;
				INFOPLIST_FILE = DoorDashLiteTests/Info.plist;
				LD_RUNPATH_SEARCH_PATHS = "$(inherited) @executable_path/Frameworks @loader_path/Frameworks";
				PRODUCT_BUNDLE_IDENTIFIER = com.Vik.test.DoorDashLiteTests;
				PRODUCT_NAME = "$(TARGET_NAME)";
				SWIFT_VERSION = 4.0;
				TARGETED_DEVICE_FAMILY = "1,2";
				TEST_HOST = "$(BUILT_PRODUCTS_DIR)/DoorDashLite.app/DoorDashLite";
			};
			name = Release;
		};
		F9BB44F120788E970008EFF9 /* Debug */ = {
			isa = XCBuildConfiguration;
			buildSettings = {
				ALWAYS_EMBED_SWIFT_STANDARD_LIBRARIES = YES;
				CODE_SIGN_STYLE = Automatic;
				DEVELOPMENT_TEAM = ZTHC4SLMFS;
				INFOPLIST_FILE = DoorDashLiteUITests/Info.plist;
				LD_RUNPATH_SEARCH_PATHS = "$(inherited) @executable_path/Frameworks @loader_path/Frameworks";
				PRODUCT_BUNDLE_IDENTIFIER = com.Vik.test.DoorDashLiteUITests;
				PRODUCT_NAME = "$(TARGET_NAME)";
				SWIFT_VERSION = 4.0;
				TARGETED_DEVICE_FAMILY = "1,2";
				TEST_TARGET_NAME = DoorDashLite;
			};
			name = Debug;
		};
		F9BB44F220788E970008EFF9 /* Release */ = {
			isa = XCBuildConfiguration;
			buildSettings = {
				ALWAYS_EMBED_SWIFT_STANDARD_LIBRARIES = YES;
				CODE_SIGN_STYLE = Automatic;
				DEVELOPMENT_TEAM = ZTHC4SLMFS;
				INFOPLIST_FILE = DoorDashLiteUITests/Info.plist;
				LD_RUNPATH_SEARCH_PATHS = "$(inherited) @executable_path/Frameworks @loader_path/Frameworks";
				PRODUCT_BUNDLE_IDENTIFIER = com.Vik.test.DoorDashLiteUITests;
				PRODUCT_NAME = "$(TARGET_NAME)";
				SWIFT_VERSION = 4.0;
				TARGETED_DEVICE_FAMILY = "1,2";
				TEST_TARGET_NAME = DoorDashLite;
			};
			name = Release;
		};
/* End XCBuildConfiguration section */

/* Begin XCConfigurationList section */
		F9BB44BA20788E970008EFF9 /* Build configuration list for PBXProject "DoorDashLite" */ = {
			isa = XCConfigurationList;
			buildConfigurations = (
				F9BB44E820788E970008EFF9 /* Debug */,
				F9BB44E920788E970008EFF9 /* Release */,
			);
			defaultConfigurationIsVisible = 0;
			defaultConfigurationName = Release;
		};
		F9BB44EA20788E970008EFF9 /* Build configuration list for PBXNativeTarget "DoorDashLite" */ = {
			isa = XCConfigurationList;
			buildConfigurations = (
				F9BB44EB20788E970008EFF9 /* Debug */,
				F9BB44EC20788E970008EFF9 /* Release */,
			);
			defaultConfigurationIsVisible = 0;
			defaultConfigurationName = Release;
		};
		F9BB44ED20788E970008EFF9 /* Build configuration list for PBXNativeTarget "DoorDashLiteTests" */ = {
			isa = XCConfigurationList;
			buildConfigurations = (
				F9BB44EE20788E970008EFF9 /* Debug */,
				F9BB44EF20788E970008EFF9 /* Release */,
			);
			defaultConfigurationIsVisible = 0;
			defaultConfigurationName = Release;
		};
		F9BB44F020788E970008EFF9 /* Build configuration list for PBXNativeTarget "DoorDashLiteUITests" */ = {
			isa = XCConfigurationList;
			buildConfigurations = (
				F9BB44F120788E970008EFF9 /* Debug */,
				F9BB44F220788E970008EFF9 /* Release */,
			);
			defaultConfigurationIsVisible = 0;
			defaultConfigurationName = Release;
		};
/* End XCConfigurationList section */

/* Begin XCVersionGroup section */
		F9BB44C920788E970008EFF9 /* DoorDashLite.xcdatamodeld */ = {
			isa = XCVersionGroup;
			children = (
				F9BB44CA20788E970008EFF9 /* DoorDashLite.xcdatamodel */,
			);
			currentVersion = F9BB44CA20788E970008EFF9 /* DoorDashLite.xcdatamodel */;
			path = DoorDashLite.xcdatamodeld;
			sourceTree = "<group>";
			versionGroupType = wrapper.xcdatamodel;
		};
/* End XCVersionGroup section */
	};
	rootObject = F9BB44B720788E970008EFF9 /* Project object */;
}
